
Microsoft Visual Studio Solution File, Format Version 12.00
# Visual Studio Version 17
VisualStudioVersion = 17.1.32228.430
MinimumVisualStudioVersion = 10.0.40219.1
Project("{9A19103F-16F7-4668-BE54-9A1E7A4F7556}") = "WM", "WM\WM.csproj", "{4852D2DA-CBF7-4C70-B750-8DE54716AFC2}"
EndProject
Project("{2150E333-8FDC-42A3-9474-1A3956D46DE8}") = "BL", "BL", "{E0D9F7B7-C293-46DA-A72F-ECBBB25FC1BE}"
EndProject
Project("{9A19103F-16F7-4668-BE54-9A1E7A4F7556}") = "BusinessLogicLayer", "BusinessLogicLayer\BusinessLogicLayer.csproj", "{B3A59C82-F70C-4711-AD4D-83BE4E8688FF}"
EndProject
Project("{2150E333-8FDC-42A3-9474-1A3956D46DE8}") = "Data", "Data", "{7C5C4B0D-BA2E-467F-AFA4-6545385AC21E}"
EndProject
Project("{9A19103F-16F7-4668-BE54-9A1E7A4F7556}") = "DataAccessLayer", "DataAccessLayer\DataAccessLayer.csproj", "{2F173D04-1C82-4315-8B72-9FAE0FA34660}"
EndProject
Project("{2150E333-8FDC-42A3-9474-1A3956D46DE8}") = "DataObjects", "DataObjects", "{7F0681B0-28A9-4D81-B066-75C501F9ECC9}"
EndProject
Project("{9A19103F-16F7-4668-BE54-9A1E7A4F7556}") = "DataObject", "DataObject\DataObject.csproj", "{9519A140-CB54-47F1-B077-BEC020F389CA}"
EndProject
Project("{2150E333-8FDC-42A3-9474-1A3956D46DE8}") = "Result", "Result", "{83BCC13E-3C25-483C-8F7C-CE9EF088B366}"
EndProject
Project("{9A19103F-16F7-4668-BE54-9A1E7A4F7556}") = "Core", "Core\Core.csproj", "{2C4E4CB5-5855-462B-8F2C-7D038055819B}"
EndProject
Project("{2150E333-8FDC-42A3-9474-1A3956D46DE8}") = "Service", "Service", "{6503F3CA-4451-4E37-B67A-088B3A3B3DB0}"
EndProject
Project("{9A19103F-16F7-4668-BE54-9A1E7A4F7556}") = "Services", "Services\Services.csproj", "{1750F99A-D0DF-4DFE-A52A-6353E55A4DBA}"
EndProject
Project("{2150E333-8FDC-42A3-9474-1A3956D46DE8}") = "Interface", "Interface", "{0E70B072-C086-4555-B023-7EC8E061F551}"
EndProject
Project("{9A19103F-16F7-4668-BE54-9A1E7A4F7556}") = "Interfaces", "Interfaces\Interfaces.csproj", "{9CE9CD98-8477-4E2E-86AE-6E1202C76206}"
EndProject
Project("{2150E333-8FDC-42A3-9474-1A3956D46DE8}") = "UI", "UI", "{59862519-737A-44A5-BF43-C007B55C3279}"
EndProject
Project("{9A19103F-16F7-4668-BE54-9A1E7A4F7556}") = "Pioneer.Pagination", "Pioneer.Pagination\Pioneer.Pagination.csproj", "{A03493B4-6A3B-47E3-B53D-D734A8C3FBF6}"
EndProject
Project("{2150E333-8FDC-42A3-9474-1A3956D46DE8}") = "Utilities", "Utilities", "{9EA4A872-DC89-4818-969F-D77AF4DF6209}"
EndProject
Project("{9A19103F-16F7-4668-BE54-9A1E7A4F7556}") = "Utility", "Utility\Utility.csproj", "{3899B515-398A-4FCE-8FF9-0CA570819CFD}"
EndProject
Global
	GlobalSection(SolutionConfigurationPlatforms) = preSolution
		Debug|Any CPU = Debug|Any CPU
		Release|Any CPU = Release|Any CPU
	EndGlobalSection
	GlobalSection(ProjectConfigurationPlatforms) = postSolution
		{4852D2DA-CBF7-4C70-B750-8DE54716AFC2}.Debug|Any CPU.ActiveCfg = Debug|Any CPU
		{4852D2DA-CBF7-4C70-B750-8DE54716AFC2}.Debug|Any CPU.Build.0 = Debug|Any CPU
		{4852D2DA-CBF7-4C70-B750-8DE54716AFC2}.Release|Any CPU.ActiveCfg = Release|Any CPU
		{4852D2DA-CBF7-4C70-B750-8DE54716AFC2}.Release|Any CPU.Build.0 = Release|Any CPU
		{B3A59C82-F70C-4711-AD4D-83BE4E8688FF}.Debug|Any CPU.ActiveCfg = Debug|Any CPU
		{B3A59C82-F70C-4711-AD4D-83BE4E8688FF}.Debug|Any CPU.Build.0 = Debug|Any CPU
		{B3A59C82-F70C-4711-AD4D-83BE4E8688FF}.Release|Any CPU.ActiveCfg = Release|Any CPU
		{B3A59C82-F70C-4711-AD4D-83BE4E8688FF}.Release|Any CPU.Build.0 = Release|Any CPU
		{2F173D04-1C82-4315-8B72-9FAE0FA34660}.Debug|Any CPU.ActiveCfg = Debug|Any CPU
		{2F173D04-1C82-4315-8B72-9FAE0FA34660}.Debug|Any CPU.Build.0 = Debug|Any CPU
		{2F173D04-1C82-4315-8B72-9FAE0FA34660}.Release|Any CPU.ActiveCfg = Release|Any CPU
		{2F173D04-1C82-4315-8B72-9FAE0FA34660}.Release|Any CPU.Build.0 = Release|Any CPU
		{9519A140-CB54-47F1-B077-BEC020F389CA}.Debug|Any CPU.ActiveCfg = Debug|Any CPU
		{9519A140-CB54-47F1-B077-BEC020F389CA}.Debug|Any CPU.Build.0 = Debug|Any CPU
		{9519A140-CB54-47F1-B077-BEC020F389CA}.Release|Any CPU.ActiveCfg = Release|Any CPU
		{9519A140-CB54-47F1-B077-BEC020F389CA}.Release|Any CPU.Build.0 = Release|Any CPU
		{2C4E4CB5-5855-462B-8F2C-7D038055819B}.Debug|Any CPU.ActiveCfg = Debug|Any CPU
		{2C4E4CB5-5855-462B-8F2C-7D038055819B}.Debug|Any CPU.Build.0 = Debug|Any CPU
		{2C4E4CB5-5855-462B-8F2C-7D038055819B}.Release|Any CPU.ActiveCfg = Release|Any CPU
		{2C4E4CB5-5855-462B-8F2C-7D038055819B}.Release|Any CPU.Build.0 = Release|Any CPU
		{1750F99A-D0DF-4DFE-A52A-6353E55A4DBA}.Debug|Any CPU.ActiveCfg = Debug|Any CPU
		{1750F99A-D0DF-4DFE-A52A-6353E55A4DBA}.Debug|Any CPU.Build.0 = Debug|Any CPU
		{1750F99A-D0DF-4DFE-A52A-6353E55A4DBA}.Release|Any CPU.ActiveCfg = Release|Any CPU
		{1750F99A-D0DF-4DFE-A52A-6353E55A4DBA}.Release|Any CPU.Build.0 = Release|Any CPU
		{9CE9CD98-8477-4E2E-86AE-6E1202C76206}.Debug|Any CPU.ActiveCfg = Debug|Any CPU
		{9CE9CD98-8477-4E2E-86AE-6E1202C76206}.Debug|Any CPU.Build.0 = Debug|Any CPU
		{9CE9CD98-8477-4E2E-86AE-6E1202C76206}.Release|Any CPU.ActiveCfg = Release|Any CPU
		{9CE9CD98-8477-4E2E-86AE-6E1202C76206}.Release|Any CPU.Build.0 = Release|Any CPU
		{A03493B4-6A3B-47E3-B53D-D734A8C3FBF6}.Debug|Any CPU.ActiveCfg = Debug|Any CPU
		{A03493B4-6A3B-47E3-B53D-D734A8C3FBF6}.Debug|Any CPU.Build.0 = Debug|Any CPU
		{A03493B4-6A3B-47E3-B53D-D734A8C3FBF6}.Release|Any CPU.ActiveCfg = Release|Any CPU
		{A03493B4-6A3B-47E3-B53D-D734A8C3FBF6}.Release|Any CPU.Build.0 = Release|Any CPU
		{3899B515-398A-4FCE-8FF9-0CA570819CFD}.Debug|Any CPU.ActiveCfg = Debug|Any CPU
		{3899B515-398A-4FCE-8FF9-0CA570819CFD}.Debug|Any CPU.Build.0 = Debug|Any CPU
		{3899B515-398A-4FCE-8FF9-0CA570819CFD}.Release|Any CPU.ActiveCfg = Release|Any CPU
		{3899B515-398A-4FCE-8FF9-0CA570819CFD}.Release|Any CPU.Build.0 = Release|Any CPU
	EndGlobalSection
	GlobalSection(SolutionProperties) = preSolution
		HideSolutionNode = FALSE
	EndGlobalSection
	GlobalSection(NestedProjects) = preSolution
		{4852D2DA-CBF7-4C70-B750-8DE54716AFC2} = {59862519-737A-44A5-BF43-C007B55C3279}
		{B3A59C82-F70C-4711-AD4D-83BE4E8688FF} = {E0D9F7B7-C293-46DA-A72F-ECBBB25FC1BE}
		{2F173D04-1C82-4315-8B72-9FAE0FA34660} = {7C5C4B0D-BA2E-467F-AFA4-6545385AC21E}
		{9519A140-CB54-47F1-B077-BEC020F389CA} = {7F0681B0-28A9-4D81-B066-75C501F9ECC9}
		{2C4E4CB5-5855-462B-8F2C-7D038055819B} = {83BCC13E-3C25-483C-8F7C-CE9EF088B366}
		{1750F99A-D0DF-4DFE-A52A-6353E55A4DBA} = {6503F3CA-4451-4E37-B67A-088B3A3B3DB0}
		{0E70B072-C086-4555-B023-7EC8E061F551} = {6503F3CA-4451-4E37-B67A-088B3A3B3DB0}
		{9CE9CD98-8477-4E2E-86AE-6E1202C76206} = {0E70B072-C086-4555-B023-7EC8E061F551}
		{A03493B4-6A3B-47E3-B53D-D734A8C3FBF6} = {7F0681B0-28A9-4D81-B066-75C501F9ECC9}
		{3899B515-398A-4FCE-8FF9-0CA570819CFD} = {9EA4A872-DC89-4818-969F-D77AF4DF6209}
	EndGlobalSection
	GlobalSection(ExtensibilityGlobals) = postSolution
		SolutionGuid = {424DE5DB-A841-4D53-AD50-CCDE4555CEDB}
	EndGlobalSection
EndGlobal
